PODS:
  - Alamofire (4.8.2)
  - SSZipArchive (2.1.5)

DEPENDENCIES:
  - Alamofire (~> 4.7)
  - SSZipArchive

SPEC REPOS:
  https://github.com/cocoapods/specs.git:
    - Alamofire
    - SSZipArchive

SPEC CHECKSUMS:
  Alamofire: ae5c501addb7afdbb13687d7f2f722c78734c2d3
  SSZipArchive: cefe1364104a0231268a5deb8495bdf2861f52f0

PODFILE CHECKSUM: 41f9b23a782cd3ed3a1891455472e6c8daa211e4

COCOAPODS: 1.5.3
